{
  "nodes": {
    "agenix": {
      "inputs": {
        "darwin": "darwin",
        "home-manager": "home-manager",
        "nixpkgs": [
          "nixpkgs"
        ],
        "systems": "systems"
      },
      "locked": {
        "lastModified": 1770165109,
        "narHash": "sha256-9VnK6Oqai65puVJ4WYtCTvlJeXxMzAp/69HhQuTdl/I=",
        "owner": "ryantm",
        "repo": "agenix",
        "rev": "b027ee29d959fda4b60b57566d64c98a202e0feb",
        "type": "github"
      },
      "original": {
        "owner": "ryantm",
        "repo": "agenix",
        "type": "github"
      }
    },
    "agent-browser-skills": {
      "flake": false,
      "locked": {
        "lastModified": 1777477152,
        "narHash": "sha256-bTYekrFtUtbyJXudjQYe7sH0FTuhcGzcSDCN7qRciv8=",
        "owner": "vercel-labs",
        "repo": "agent-browser",
        "rev": "7ada3384e2afb5f3c43d9106389da86d8f807dca",
        "type": "github"
      },
      "original": {
        "owner": "vercel-labs",
        "repo": "agent-browser",
        "type": "github"
      }
    },
    "agent-skills-nix": {
      "inputs": {
        "home-manager": "home-manager_2",
        "nixpkgs": [
          "nixpkgs"
        ]
      },
      "locked": {
        "lastModified": 1777396723,
        "narHash": "sha256-WYbpNf5HYm05+23fpKEFd4RibJobITgtyYXtVOP+S/g=",
        "owner": "Kyure-A",
        "repo": "agent-skills-nix",
        "rev": "3dadf974c87fd5b02a6d73bd67e354c02abb2c9f",
        "type": "github"
      },
      "original": {
        "owner": "Kyure-A",
        "repo": "agent-skills-nix",
        "type": "github"
      }
    },
    "anthropic-skills": {
      "flake": false,
      "locked": {
        "lastModified": 1776964038,
        "narHash": "sha256-xFsg66TCtKzSgRIW6Ab771FWEIhei3jPgfE4byMiB44=",
        "owner": "anthropics",
        "repo": "skills",
        "rev": "5128e1865d670f5d6c9cef000e6dfc4e951fb5b9",
        "type": "github"
      },
      "original": {
        "owner": "anthropics",
        "repo": "skills",
        "type": "github"
      }
    },
    "blueprint": {
      "inputs": {
        "nixpkgs": [
          "llm-agents",
          "nixpkgs"
        ],
        "systems": [
          "llm-agents",
          "systems"
        ]
      },
      "locked": {
        "lastModified": 1776249299,
        "narHash": "sha256-Dt9t1TGRmJFc0xVYhttNBD6QsAgHOHCArqGa0AyjrJY=",
        "owner": "numtide",
        "repo": "blueprint",
        "rev": "56131e8628f173d24a27f6d27c0215eff57e40dd",
        "type": "github"
      },
      "original": {
        "owner": "numtide",
        "repo": "blueprint",
        "type": "github"
      }
    },
    "bun2nix": {
      "inputs": {
        "flake-parts": [
          "llm-agents",
          "flake-parts"
        ],
        "nixpkgs": [
          "llm-agents",
          "nixpkgs"
        ],
        "systems": [
          "llm-agents",
          "systems"
        ],
        "treefmt-nix": [
          "llm-agents",
          "treefmt-nix"
        ]
      },
      "locked": {
        "lastModified": 1777369708,
        "narHash": "sha256-1xW7cRZNsFNPQD+cE0fwnLVStnDth0HSoASEIFeT7uI=",
        "owner": "nix-community",
        "repo": "bun2nix",
        "rev": "e659e1cc4b8e1b21d0aa85f1c481f9db61ecfa98",
        "type": "github"
      },
      "original": {
        "owner": "nix-community",
        "ref": "staging-2.1.0",
        "repo": "bun2nix",
        "type": "github"
      }
    },
    "chrome-devtools-mcp-skills": {
      "flake": false,
      "locked": {
        "lastModified": 1777551935,
        "narHash": "sha256-O3LjHkqJubFqslOSLsJYUygJUQnLG6DQkEj7Q58gSFw=",
        "owner": "ChromeDevTools",
        "repo": "chrome-devtools-mcp",
        "rev": "a90378adf3226e8b27a05cdcfdd801c199acaa93",
        "type": "github"
      },
      "original": {
        "owner": "ChromeDevTools",
        "repo": "chrome-devtools-mcp",
        "type": "github"
      }
    },
    "claude-code-nix": {
      "inputs": {
        "flake-utils": "flake-utils",
        "nixpkgs": "nixpkgs"
      },
      "locked": {
        "lastModified": 1777436347,
        "narHash": "sha256-RD/HyNMkmeN4zqENph5Xzks/fz/ZwdUyL1x8rr5tQyA=",
        "owner": "sadjow",
        "repo": "claude-code-nix",
        "rev": "bf3e43090b15d1e335f08e21c80678d6457458e8",
        "type": "github"
      },
      "original": {
        "owner": "sadjow",
        "repo": "claude-code-nix",
        "type": "github"
      }
    },
    "context7-skills": {
      "flake": false,
      "locked": {
        "lastModified": 1777544160,
        "narHash": "sha256-FS4JNh9QXCicV2mRuN7jMos4nEbr7eqO/g97HLQJAyU=",
        "owner": "upstash",
        "repo": "context7",
        "rev": "795d5da720e16c417ae30a548a475672ae35e92f",
        "type": "github"
      },
      "original": {
        "owner": "upstash",
        "repo": "context7",
        "type": "github"
      }
    },
    "darwin": {
      "inputs": {
        "nixpkgs": [
          "agenix",
          "nixpkgs"
        ]
      },
      "locked": {
        "lastModified": 1744478979,
        "narHash": "sha256-dyN+teG9G82G+m+PX/aSAagkC+vUv0SgUw3XkPhQodQ=",
        "owner": "lnl7",
        "repo": "nix-darwin",
        "rev": "43975d782b418ebf4969e9ccba82466728c2851b",
        "type": "github"
      },
      "original": {
        "owner": "lnl7",
        "ref": "master",
        "repo": "nix-darwin",
        "type": "github"
      }
    },
    "darwin_2": {
      "inputs": {
        "nixpkgs": [
          "nixpkgs"
        ]
      },
      "locked": {
        "lastModified": 1775037210,
        "narHash": "sha256-KM2WYj6EA7M/FVZVCl3rqWY+TFV5QzSyyGE2gQxeODU=",
        "owner": "LnL7",
        "repo": "nix-darwin",
        "rev": "06648f4902343228ce2de79f291dd5a58ee12146",
        "type": "github"
      },
      "original": {
        "owner": "LnL7",
        "repo": "nix-darwin",
        "type": "github"
      }
    },
    "dot-skills": {
      "flake": false,
      "locked": {
        "lastModified": 1776070873,
        "narHash": "sha256-7phhVbEDnaPiCjxuwFg9pz54yDX2HC32m2Arg+F8nao=",
        "owner": "pproenca",
        "repo": "dot-skills",
        "rev": "89c72d29a73de4ee62522114379bf574b8c3f68f",
        "type": "github"
      },
      "original": {
        "owner": "pproenca",
        "repo": "dot-skills",
        "type": "github"
      }
    },
    "flake-parts": {
      "inputs": {
        "nixpkgs-lib": [
          "nixpkgs"
        ]
      },
      "locked": {
        "lastModified": 1775087534,
        "narHash": "sha256-91qqW8lhL7TLwgQWijoGBbiD4t7/q75KTi8NxjVmSmA=",
        "owner": "hercules-ci",
        "repo": "flake-parts",
        "rev": "3107b77cd68437b9a76194f0f7f9c55f2329ca5b",
        "type": "github"
      },
      "original": {
        "owner": "hercules-ci",
        "repo": "flake-parts",
        "type": "github"
      }
    },
    "flake-parts_2": {
      "inputs": {
        "nixpkgs-lib": [
          "llm-agents",
          "nixpkgs"
        ]
      },
      "locked": {
        "lastModified": 1775087534,
        "narHash": "sha256-91qqW8lhL7TLwgQWijoGBbiD4t7/q75KTi8NxjVmSmA=",
        "owner": "hercules-ci",
        "repo": "flake-parts",
        "rev": "3107b77cd68437b9a76194f0f7f9c55f2329ca5b",
        "type": "github"
      },
      "original": {
        "owner": "hercules-ci",
        "repo": "flake-parts",
        "type": "github"
      }
    },
    "flake-utils": {
      "inputs": {
        "systems": "systems_2"
      },
      "locked": {
        "lastModified": 1731533236,
        "narHash": "sha256-l0KFg5HjrsfsO/JpG+r7fRrqm12kzFHyUHqHCVpMMbI=",
        "owner": "numtide",
        "repo": "flake-utils",
        "rev": "11707dc2f618dd54ca8739b309ec4fc024de578b",
        "type": "github"
      },
      "original": {
        "owner": "numtide",
        "repo": "flake-utils",
        "type": "github"
      }
    },
    "home-manager": {
      "inputs": {
        "nixpkgs": [
          "agenix",
          "nixpkgs"
        ]
      },
      "locked": {
        "lastModified": 1745494811,
        "narHash": "sha256-YZCh2o9Ua1n9uCvrvi5pRxtuVNml8X2a03qIFfRKpFs=",
        "owner": "nix-community",
        "repo": "home-manager",
        "rev": "abfad3d2958c9e6300a883bd443512c55dfeb1be",
        "type": "github"
      },
      "original": {
        "owner": "nix-community",
        "repo": "home-manager",
        "type": "github"
      }
    },
    "home-manager_2": {
      "inputs": {
        "nixpkgs": [
          "agent-skills-nix",
          "nixpkgs"
        ]
      },
      "locked": {
        "lastModified": 1777258755,
        "narHash": "sha256-EC07KwADRE2LdIk7vEDyAaD3I0ZUq24T9jQF9L0iEPk=",
        "owner": "nix-community",
        "repo": "home-manager",
        "rev": "7f8bbc93d63401e41368d6ddc46a4f631610fa90",
        "type": "github"
      },
      "original": {
        "owner": "nix-community",
        "repo": "home-manager",
        "type": "github"
      }
    },
    "home-manager_3": {
      "inputs": {
        "nixpkgs": [
          "nixpkgs"
        ]
      },
      "locked": {
        "lastModified": 1777594677,
        "narHash": "sha256-h90sHwoRJLRvaTpZroTvU2JRHDFj0czUafM8eqLe1RI=",
        "owner": "nix-community",
        "repo": "home-manager",
        "rev": "899c08a15beae5da51a5cecd6b2b994777a948da",
        "type": "github"
      },
      "original": {
        "owner": "nix-community",
        "repo": "home-manager",
        "type": "github"
      }
    },
    "humanlayer-skills": {
      "flake": false,
      "locked": {
        "lastModified": 1773804323,
        "narHash": "sha256-xRlJS7kYEtAZ+pCphIVGbOyuRhwuW4JuJG1qDF9ns7o=",
        "owner": "humanlayer",
        "repo": "skills",
        "rev": "ecf602e2f9bb445831e36592af92c36bfad18960",
        "type": "github"
      },
      "original": {
        "owner": "humanlayer",
        "repo": "skills",
        "type": "github"
      }
    },
    "itechmeat-skills": {
      "flake": false,
      "locked": {
        "lastModified": 1776636885,
        "narHash": "sha256-D647dRe4Rx8YdgqesP2t8h4nLm+xr3nBW2Vy/ww7x6k=",
        "owner": "itechmeat",
        "repo": "llm-code",
        "rev": "82b1ec1a3234d3ad0eec506931b1d1728cbdd4b7",
        "type": "github"
      },
      "original": {
        "owner": "itechmeat",
        "repo": "llm-code",
        "type": "github"
      }
    },
    "linear-cli-skills": {
      "flake": false,
      "locked": {
        "lastModified": 1776811999,
        "narHash": "sha256-VfEuAEzFynYZMatx4A3EDcZVG+ElvxOs0P6t4Gde4gM=",
        "owner": "schpet",
        "repo": "linear-cli",
        "rev": "b3b9960436d6c23437adaea4856215b0d4ce7ff6",
        "type": "github"
      },
      "original": {
        "owner": "schpet",
        "repo": "linear-cli",
        "type": "github"
      }
    },
    "llm-agents": {
      "inputs": {
        "blueprint": "blueprint",
        "bun2nix": "bun2nix",
        "flake-parts": "flake-parts_2",
        "nixpkgs": "nixpkgs_2",
        "systems": "systems_3",
        "treefmt-nix": "treefmt-nix"
      },
      "locked": {
        "lastModified": 1777598424,
        "narHash": "sha256-bH5HdhGv/rjO+aiAVilTdXkwA/vtGVwI5ZUM9rrxwtc=",
        "owner": "numtide",
        "repo": "llm-agents.nix",
        "rev": "cfb336e0fd05ba630cf7e3ab92598fa61f237078",
        "type": "github"
      },
      "original": {
        "owner": "numtide",
        "repo": "llm-agents.nix",
        "type": "github"
      }
    },
    "nixpkgs": {
      "locked": {
        "lastModified": 1777270315,
        "narHash": "sha256-yKB4G6cKsQsWN7M6rZGk6gkJPDNPIzT05y4qzRyCDlI=",
        "owner": "NixOS",
        "repo": "nixpkgs",
        "rev": "6368eda62c9775c38ef7f714b2555a741c20c72d",
        "type": "github"
      },
      "original": {
        "owner": "NixOS",
        "ref": "nixpkgs-unstable",
        "repo": "nixpkgs",
        "type": "github"
      }
    },
    "nixpkgs_2": {
      "locked": {
        "lastModified": 1777425547,
        "narHash": "sha256-d57AbflkNfZNoFaZDzssEq1RfPoM9dLtOGI2O+N/68Q=",
        "owner": "NixOS",
        "repo": "nixpkgs",
        "rev": "ebc08544afa77957cc348ba72dc490ec73b87f68",
        "type": "github"
      },
      "original": {
        "owner": "NixOS",
        "ref": "nixpkgs-unstable",
        "repo": "nixpkgs",
        "type": "github"
      }
    },
    "nixpkgs_3": {
      "locked": {
        "lastModified": 1777425547,
        "narHash": "sha256-d57AbflkNfZNoFaZDzssEq1RfPoM9dLtOGI2O+N/68Q=",
        "owner": "NixOS",
        "repo": "nixpkgs",
        "rev": "ebc08544afa77957cc348ba72dc490ec73b87f68",
        "type": "github"
      },
      "original": {
        "owner": "NixOS",
        "ref": "nixpkgs-unstable",
        "repo": "nixpkgs",
        "type": "github"
      }
    },
    "playwriter-skills": {
      "flake": false,
      "locked": {
        "lastModified": 1777029091,
        "narHash": "sha256-op5OPm2hesCwjT1kwhy6dbrkA+JJPb6C3leWvKrNKbQ=",
        "owner": "remorses",
        "repo": "playwriter",
        "rev": "e9918fcadc2462576dc0afb5942d77317d8b593d",
        "type": "github"
      },
      "original": {
        "owner": "remorses",
        "repo": "playwriter",
        "type": "github"
      }
    },
    "pup-skills": {
      "flake": false,
      "locked": {
        "lastModified": 1777598944,
        "narHash": "sha256-ODf5n41XuAbmdPQZ7ZQJMWlswjYXvdprEIcxYybsiFo=",
        "owner": "datadog-labs",
        "repo": "pup",
        "rev": "c168b0eb234b5820b8e51f6ce6cb8cb3f9e9116d",
        "type": "github"
      },
      "original": {
        "owner": "datadog-labs",
        "repo": "pup",
        "type": "github"
      }
    },
    "root": {
      "inputs": {
        "agenix": "agenix",
        "agent-browser-skills": "agent-browser-skills",
        "agent-skills-nix": "agent-skills-nix",
        "anthropic-skills": "anthropic-skills",
        "chrome-devtools-mcp-skills": "chrome-devtools-mcp-skills",
        "claude-code-nix": "claude-code-nix",
        "context7-skills": "context7-skills",
        "darwin": "darwin_2",
        "dot-skills": "dot-skills",
        "flake-parts": "flake-parts",
        "home-manager": "home-manager_3",
        "humanlayer-skills": "humanlayer-skills",
        "itechmeat-skills": "itechmeat-skills",
        "linear-cli-skills": "linear-cli-skills",
        "llm-agents": "llm-agents",
        "nixpkgs": "nixpkgs_3",
        "playwriter-skills": "playwriter-skills",
        "pup-skills": "pup-skills",
        "superpowers": "superpowers",
        "vercel-skills-cli": "vercel-skills-cli",
        "whatsapp-mcp-src": "whatsapp-mcp-src",
        "worktrunk-skills": "worktrunk-skills",
        "wshobson-agents": "wshobson-agents"
      }
    },
    "superpowers": {
      "flake": false,
      "locked": {
        "lastModified": 1777583321,
        "narHash": "sha256-8/M/S0BUYurZkFqe6LemVtBQnPSxBNfy1C7Q6f92hjE=",
        "owner": "obra",
        "repo": "superpowers",
        "rev": "e7a2d16476bf042e9add4699c9d018a90f86e4a6",
        "type": "github"
      },
      "original": {
        "owner": "obra",
        "repo": "superpowers",
        "type": "github"
      }
    },
    "systems": {
      "locked": {
        "lastModified": 1681028828,
        "narHash": "sha256-Vy1rq5AaRuLzOxct8nz4T6wlgyUR7zLU309k9mBC768=",
        "owner": "nix-systems",
        "repo": "default",
        "rev": "da67096a3b9bf56a91d16901293e51ba5b49a27e",
        "type": "github"
      },
      "original": {
        "owner": "nix-systems",
        "repo": "default",
        "type": "github"
      }
    },
    "systems_2": {
      "locked": {
        "lastModified": 1681028828,
        "narHash": "sha256-Vy1rq5AaRuLzOxct8nz4T6wlgyUR7zLU309k9mBC768=",
        "owner": "nix-systems",
        "repo": "default",
        "rev": "da67096a3b9bf56a91d16901293e51ba5b49a27e",
        "type": "github"
      },
      "original": {
        "owner": "nix-systems",
        "repo": "default",
        "type": "github"
      }
    },
    "systems_3": {
      "locked": {
        "lastModified": 1681028828,
        "narHash": "sha256-Vy1rq5AaRuLzOxct8nz4T6wlgyUR7zLU309k9mBC768=",
        "owner": "nix-systems",
        "repo": "default",
        "rev": "da67096a3b9bf56a91d16901293e51ba5b49a27e",
        "type": "github"
      },
      "original": {
        "owner": "nix-systems",
        "repo": "default",
        "type": "github"
      }
    },
    "treefmt-nix": {
      "inputs": {
        "nixpkgs": [
          "llm-agents",
          "nixpkgs"
        ]
      },
      "locked": {
        "lastModified": 1775636079,
        "narHash": "sha256-pc20NRoMdiar8oPQceQT47UUZMBTiMdUuWrYu2obUP0=",
        "owner": "numtide",
        "repo": "treefmt-nix",
        "rev": "790751ff7fd3801feeaf96d7dc416a8d581265ba",
        "type": "github"
      },
      "original": {
        "owner": "numtide",
        "repo": "treefmt-nix",
        "type": "github"
      }
    },
    "vercel-skills-cli": {
      "flake": false,
      "locked": {
        "lastModified": 1777394685,
        "narHash": "sha256-YxCMuTl+pVJ7dXhaL7l9vDw9k2orlG31j7/0pgllMJk=",
        "owner": "vercel-labs",
        "repo": "skills",
        "rev": "7c0a9af3f8738965b71341712710ac7371089b34",
        "type": "github"
      },
      "original": {
        "owner": "vercel-labs",
        "repo": "skills",
        "type": "github"
      }
    },
    "whatsapp-mcp-src": {
      "flake": false,
      "locked": {
        "lastModified": 1775930293,
        "narHash": "sha256-81uGZQW92i2xaYIySofJhLHPsMc5CJop5FK5YErkdzg=",
        "owner": "ewega",
        "repo": "whatsapp-mcp",
        "rev": "2f693695eee102e5addcc294a579568236e06716",
        "type": "github"
      },
      "original": {
        "owner": "ewega",
        "ref": "fix/whatsmeow-client-outdated",
        "repo": "whatsapp-mcp",
        "type": "github"
      }
    },
    "worktrunk-skills": {
      "flake": false,
      "locked": {
        "lastModified": 1777597728,
        "narHash": "sha256-x6cEp5gUbRz0jRJqi/GzIZqgaVOaIZEpcF7j+H1Saec=",
        "owner": "max-sixty",
        "repo": "worktrunk",
        "rev": "369923f53515e1053a7be1c490c3851234a93fa6",
        "type": "github"
      },
      "original": {
        "owner": "max-sixty",
        "repo": "worktrunk",
        "type": "github"
      }
    },
    "wshobson-agents": {
      "flake": false,
      "locked": {
        "lastModified": 1777336189,
        "narHash": "sha256-9eafaMFtjasTh94NdtlX41T8Xu5beNXZm7eedRLfZdw=",
        "owner": "wshobson",
        "repo": "agents",
        "rev": "c15b108a8d2fa853140b811e2dffdc30bd0ce788",
        "type": "github"
      },
      "original": {
        "owner": "wshobson",
        "repo": "agents",
        "type": "github"
      }
    }
  },
  "root": "root",
  "version": 7
}
